
Microsoft Visual Studio Solution File, Format Version 12.00
# Visual Studio Version 17
VisualStudioVersion = 17.8.34322.80
MinimumVisualStudioVersion = 10.0.40219.1
Project("{FAE04EC0-301F-11D3-BF4B-00C04F79EFBC}") = "Sabaydash_331_num14", "Sabaydash_331_num14\Sabaydash_331_num14.csproj", "{04853B11-559E-4249-A450-09CD37366C57}"
EndProject
Global
	GlobalSection(SolutionConfigurationPlatforms) = preSolution
		Debug|Any CPU = Debug|Any CPU
		Release|Any CPU = Release|Any CPU
	EndGlobalSection
	GlobalSection(ProjectConfigurationPlatforms) = postSolution
		{04853B11-559E-4249-A450-09CD37366C57}.Debug|Any CPU.ActiveCfg = Debug|Any CPU
		{04853B11-559E-4249-A450-09CD37366C57}.Debug|Any CPU.Build.0 = Debug|Any CPU
		{04853B11-559E-4249-A450-09CD37366C57}.Release|Any CPU.ActiveCfg = Release|Any CPU
		{04853B11-559E-4249-A450-09CD37366C57}.Release|Any CPU.Build.0 = Release|Any CPU
	EndGlobalSection
	GlobalSection(SolutionProperties) = preSolution
		HideSolutionNode = FALSE
	EndGlobalSection
	GlobalSection(ExtensibilityGlobals) = postSolution
		SolutionGuid = {D16E06D9-DEC7-4189-BC37-8DBE1F967B7F}
	EndGlobalSection
EndGlobal
