
Microsoft Visual Studio Solution File, Format Version 12.00
# Visual Studio Version 17
VisualStudioVersion = 17.8.34322.80
MinimumVisualStudioVersion = 10.0.40219.1
Project("{FAE04EC0-301F-11D3-BF4B-00C04F79EFBC}") = "Sabaydash_331_num4", "Sabaydash_331_num4\Sabaydash_331_num4.csproj", "{57BC0BCF-BD7D-4BA1-B299-2A55F1F884CF}"
EndProject
Global
	GlobalSection(SolutionConfigurationPlatforms) = preSolution
		Debug|Any CPU = Debug|Any CPU
		Release|Any CPU = Release|Any CPU
	EndGlobalSection
	GlobalSection(ProjectConfigurationPlatforms) = postSolution
		{57BC0BCF-BD7D-4BA1-B299-2A55F1F884CF}.Debug|Any CPU.ActiveCfg = Debug|Any CPU
		{57BC0BCF-BD7D-4BA1-B299-2A55F1F884CF}.Debug|Any CPU.Build.0 = Debug|Any CPU
		{57BC0BCF-BD7D-4BA1-B299-2A55F1F884CF}.Release|Any CPU.ActiveCfg = Release|Any CPU
		{57BC0BCF-BD7D-4BA1-B299-2A55F1F884CF}.Release|Any CPU.Build.0 = Release|Any CPU
	EndGlobalSection
	GlobalSection(SolutionProperties) = preSolution
		HideSolutionNode = FALSE
	EndGlobalSection
	GlobalSection(ExtensibilityGlobals) = postSolution
		SolutionGuid = {CFC5A732-4809-4708-B043-7ACF92CC3FC2}
	EndGlobalSection
EndGlobal
